{
  "requires": true,
  "lockfileVersion": 1,
  "dependencies": {
    "sweetalert2": {
      "version": "10.10.4",
      "resolved": "https://registry.npmjs.org/sweetalert2/-/sweetalert2-10.10.4.tgz",
      "integrity": "sha512-qQJcqMaN9i5J0W7wrrttPpmZ5Ws6MrffT61asBLiCj+5sme2wII0ZeOGr8EoPrn8Hd56o58D33KcQMy01JodIQ=="
    },
    "vue-sweetalert2": {
      "version": "4.1.1",
      "resolved": "https://registry.npmjs.org/vue-sweetalert2/-/vue-sweetalert2-4.1.1.tgz",
      "integrity": "sha512-9ytddeXkjixIGzUxgmVAVdIOrbPiWcjEPQuO3mEPq4zc8clbQbhOn192zvYUdcM0SbRPzbafyXTFx9mNMNJzQA==",
      "requires": {
        "sweetalert2": "10.x"
      }
    }
  }
}
